
Microsoft Visual Studio Solution File, Format Version 12.00
# Visual Studio Version 16
VisualStudioVersion = 16.0.30503.244
MinimumVisualStudioVersion = 10.0.40219.1
Project("{2150E333-8FDC-42A3-9474-1A3956D46DE8}") = "Solution Items", "Solution Items", "{38D5599E-F411-4A4B-B633-ED48A6A1032A}"
	ProjectSection(SolutionItems) = preProject
		.gitignore = .gitignore
		LICENSE = LICENSE
		README.md = README.md
	EndProjectSection
EndProject
Project("{2150E333-8FDC-42A3-9474-1A3956D46DE8}") = "Tasks", "Tasks", "{ABF1C711-D775-48C8-8182-F30B2A0AB4DC}"
EndProject
Project("{9A19103F-16F7-4668-BE54-9A1E7A4F7556}") = "TeachMeSkills.DotNet.Task1", "src\TeachMeSkills.DotNet.Task1\TeachMeSkills.DotNet.Task1.csproj", "{D866C99C-33BC-4FA1-96A6-CDC363CA6B60}"
EndProject
Project("{9A19103F-16F7-4668-BE54-9A1E7A4F7556}") = "TeachMeSkills.DotNet.Task2", "src\TeachMeSkills.DotNet.Task2\TeachMeSkills.DotNet.Task2.csproj", "{3B749773-2C39-4723-B7CB-8D26D359FE3E}"
EndProject
Project("{9A19103F-16F7-4668-BE54-9A1E7A4F7556}") = "TeachMeSkills.DotNet.Task6", "src\TeachMeSkills.DotNet.Task6\TeachMeSkills.DotNet.Task6.csproj", "{65318480-70FC-435A-AD6E-9AD018D6C64D}"
EndProject
Project("{9A19103F-16F7-4668-BE54-9A1E7A4F7556}") = "TeachMeSkills.DotNet.Task8", "src\TeachMeSkills.DotNet.Task8\TeachMeSkills.DotNet.Task8.csproj", "{FC120133-E6A1-43B2-B6BE-A1C8D62DF5BA}"
EndProject
Project("{9A19103F-16F7-4668-BE54-9A1E7A4F7556}") = "TeachMeSkills.DotNet.Task10", "src\TeachMeSkills.DotNet.Task10\TeachMeSkills.DotNet.Task10.csproj", "{6F633314-123E-40A4-8310-F4844E760D4E}"
EndProject
Project("{9A19103F-16F7-4668-BE54-9A1E7A4F7556}") = "TeachMeSkills.DotNet.Task11", "src\TeachMeSkills.DotNet.Task11\TeachMeSkills.DotNet.Task11.csproj", "{D3D4CA14-1292-4960-B9B7-B1F1270B0822}"
EndProject
Project("{9A19103F-16F7-4668-BE54-9A1E7A4F7556}") = "-TeachMeSkills.DotNet.Task15", "src\TeachMeSkills.DotNet.Task15\-TeachMeSkills.DotNet.Task15.csproj", "{57F8B77D-D1E7-435F-9341-AB834F75305E}"
EndProject
Project("{9A19103F-16F7-4668-BE54-9A1E7A4F7556}") = "TeachMeSkills.DotNet.Task16", "src\TeachMeSkills.DotNet.Task16\TeachMeSkills.DotNet.Task16.csproj", "{4EBA869A-5E1F-4201-88B6-4C3E6027BEFA}"
EndProject
Project("{9A19103F-16F7-4668-BE54-9A1E7A4F7556}") = "TeachMeSkills.DotNet.Task17", "src\TeachMeSkills.DotNet.Task17\TeachMeSkills.DotNet.Task17.csproj", "{C036AABD-A875-47D5-8791-8D8B1DEB2C6D}"
EndProject
Project("{9A19103F-16F7-4668-BE54-9A1E7A4F7556}") = "TeachMeSkills.DotNet.Task20", "src\TeachMeSkills.DotNet.Task20\TeachMeSkills.DotNet.Task20.csproj", "{6C4A56D4-F9DF-40A9-9D14-9F30DE9A6BB9}"
EndProject
Project("{9A19103F-16F7-4668-BE54-9A1E7A4F7556}") = "TeachMeSkills.DotNet.Task22", "src\TeachMeSkills.DotNet.Task22\TeachMeSkills.DotNet.Task22.csproj", "{AF768AF8-1DCB-4832-91AE-CAF328F37392}"
EndProject
Project("{9A19103F-16F7-4668-BE54-9A1E7A4F7556}") = "TeachMeSkills.DotNet.Task26", "src\TeachMeSkills.DotNet.Task26\TeachMeSkills.DotNet.Task26.csproj", "{0B6513AC-9730-47F9-8CB3-5C3CB9B354F8}"
EndProject
Project("{9A19103F-16F7-4668-BE54-9A1E7A4F7556}") = "TeachMeSkills.DotNet.Task27", "src\Task 27\TeachMeSkills.DotNet.Task27.csproj", "{97D290DE-31FD-4931-8925-A8162F6BCA5F}"
EndProject
Project("{9A19103F-16F7-4668-BE54-9A1E7A4F7556}") = "TeachMeSkills.DotNet.Task7", "src\TeachMeSkills.DotNet.Task7\TeachMeSkills.DotNet.Task7.csproj", "{F7639E18-1FD9-4831-8708-D0C08178EA9E}"
EndProject
Project("{9A19103F-16F7-4668-BE54-9A1E7A4F7556}") = "TeachMeSkills.DotNet.Task21", "src\TeachMeSkills.DotNet.Task21\TeachMeSkills.DotNet.Task21.csproj", "{720F2DA5-966F-4860-BD2A-86B9DF71CDB5}"
EndProject
Project("{9A19103F-16F7-4668-BE54-9A1E7A4F7556}") = "TeachMeSkills.DotNet.Task9!", "src\TeachMeSkills.DotNet.Task9\TeachMeSkills.DotNet.Task9!.csproj", "{33906FD9-73B8-4C53-90C1-E3EBA1BE6C50}"
EndProject
Project("{9A19103F-16F7-4668-BE54-9A1E7A4F7556}") = "TeachMeSkills.DotNet.Task12", "src\TeachMeSkills.DotNet.Task12\TeachMeSkills.DotNet.Task12.csproj", "{1458AC94-4BB7-478B-BE10-2AF8FAC7C903}"
EndProject
Project("{9A19103F-16F7-4668-BE54-9A1E7A4F7556}") = "TeachMeSkills.DotNet.Task5", "src\TeachMeSkills.DotNet.Task5\TeachMeSkills.DotNet.Task5.csproj", "{A687BC94-8C4D-432E-813C-CC6EEA33C255}"
EndProject
Project("{9A19103F-16F7-4668-BE54-9A1E7A4F7556}") = "TeachMeSkills.DotNet.Task13", "src\TeachMeSkills.DotNet.Task13\TeachMeSkills.DotNet.Task13.csproj", "{C53843E2-9E47-4C8A-A2D0-3783626743AF}"
EndProject
Project("{9A19103F-16F7-4668-BE54-9A1E7A4F7556}") = "TeachMeSkills.DotNet.Task3", "src\TeachMeSkills.DotNet.Task3\TeachMeSkills.DotNet.Task3.csproj", "{822014FD-166A-4E54-BFDA-345040866065}"
EndProject
Project("{9A19103F-16F7-4668-BE54-9A1E7A4F7556}") = "TeachMeSkills.DotNet.Task4", "src\TeachMeSkills.DotNet.Task4\TeachMeSkills.DotNet.Task4.csproj", "{E20865EC-3B7F-40B0-B917-EC2518D367FA}"
EndProject
Project("{9A19103F-16F7-4668-BE54-9A1E7A4F7556}") = "TeachMeSkills.DotNet.Task14", "src\TeachMeSkills.DotNet.Task14\TeachMeSkills.DotNet.Task14.csproj", "{51148DF7-DE4B-4C68-B506-F3C7F902CE2B}"
EndProject
Project("{9A19103F-16F7-4668-BE54-9A1E7A4F7556}") = "TeachMeSkills.DotNet.Task18", "src\TeachMeSkills.DotNet.Task18\TeachMeSkills.DotNet.Task18.csproj", "{824677FC-0CB8-4398-94FA-D9F5B75CB0B6}"
EndProject
Project("{9A19103F-16F7-4668-BE54-9A1E7A4F7556}") = "TeachMeSkills.DotNet.Task19!", "src\TeachMeSkills.DotNet.Task19\TeachMeSkills.DotNet.Task19!.csproj", "{06E2914D-9586-44DD-B050-11D2679DCA85}"
EndProject
Project("{9A19103F-16F7-4668-BE54-9A1E7A4F7556}") = "TeachMeSkills.DotNet.Task25", "src\TeachMeSkills.DotNet.Task25\TeachMeSkills.DotNet.Task25.csproj", "{68A4C42F-BCF4-488E-BAD7-EE36F978D134}"
EndProject
Global
	GlobalSection(SolutionConfigurationPlatforms) = preSolution
		Debug|Any CPU = Debug|Any CPU
		Release|Any CPU = Release|Any CPU
	EndGlobalSection
	GlobalSection(ProjectConfigurationPlatforms) = postSolution
		{D866C99C-33BC-4FA1-96A6-CDC363CA6B60}.Debug|Any CPU.ActiveCfg = Debug|Any CPU
		{D866C99C-33BC-4FA1-96A6-CDC363CA6B60}.Debug|Any CPU.Build.0 = Debug|Any CPU
		{D866C99C-33BC-4FA1-96A6-CDC363CA6B60}.Release|Any CPU.ActiveCfg = Release|Any CPU
		{D866C99C-33BC-4FA1-96A6-CDC363CA6B60}.Release|Any CPU.Build.0 = Release|Any CPU
		{3B749773-2C39-4723-B7CB-8D26D359FE3E}.Debug|Any CPU.ActiveCfg = Debug|Any CPU
		{3B749773-2C39-4723-B7CB-8D26D359FE3E}.Debug|Any CPU.Build.0 = Debug|Any CPU
		{3B749773-2C39-4723-B7CB-8D26D359FE3E}.Release|Any CPU.ActiveCfg = Release|Any CPU
		{3B749773-2C39-4723-B7CB-8D26D359FE3E}.Release|Any CPU.Build.0 = Release|Any CPU
		{65318480-70FC-435A-AD6E-9AD018D6C64D}.Debug|Any CPU.ActiveCfg = Debug|Any CPU
		{65318480-70FC-435A-AD6E-9AD018D6C64D}.Debug|Any CPU.Build.0 = Debug|Any CPU
		{65318480-70FC-435A-AD6E-9AD018D6C64D}.Release|Any CPU.ActiveCfg = Release|Any CPU
		{65318480-70FC-435A-AD6E-9AD018D6C64D}.Release|Any CPU.Build.0 = Release|Any CPU
		{FC120133-E6A1-43B2-B6BE-A1C8D62DF5BA}.Debug|Any CPU.ActiveCfg = Debug|Any CPU
		{FC120133-E6A1-43B2-B6BE-A1C8D62DF5BA}.Debug|Any CPU.Build.0 = Debug|Any CPU
		{FC120133-E6A1-43B2-B6BE-A1C8D62DF5BA}.Release|Any CPU.ActiveCfg = Release|Any CPU
		{FC120133-E6A1-43B2-B6BE-A1C8D62DF5BA}.Release|Any CPU.Build.0 = Release|Any CPU
		{6F633314-123E-40A4-8310-F4844E760D4E}.Debug|Any CPU.ActiveCfg = Debug|Any CPU
		{6F633314-123E-40A4-8310-F4844E760D4E}.Debug|Any CPU.Build.0 = Debug|Any CPU
		{6F633314-123E-40A4-8310-F4844E760D4E}.Release|Any CPU.ActiveCfg = Release|Any CPU
		{6F633314-123E-40A4-8310-F4844E760D4E}.Release|Any CPU.Build.0 = Release|Any CPU
		{D3D4CA14-1292-4960-B9B7-B1F1270B0822}.Debug|Any CPU.ActiveCfg = Debug|Any CPU
		{D3D4CA14-1292-4960-B9B7-B1F1270B0822}.Debug|Any CPU.Build.0 = Debug|Any CPU
		{D3D4CA14-1292-4960-B9B7-B1F1270B0822}.Release|Any CPU.ActiveCfg = Release|Any CPU
		{D3D4CA14-1292-4960-B9B7-B1F1270B0822}.Release|Any CPU.Build.0 = Release|Any CPU
		{57F8B77D-D1E7-435F-9341-AB834F75305E}.Debug|Any CPU.ActiveCfg = Debug|Any CPU
		{57F8B77D-D1E7-435F-9341-AB834F75305E}.Debug|Any CPU.Build.0 = Debug|Any CPU
		{57F8B77D-D1E7-435F-9341-AB834F75305E}.Release|Any CPU.ActiveCfg = Release|Any CPU
		{57F8B77D-D1E7-435F-9341-AB834F75305E}.Release|Any CPU.Build.0 = Release|Any CPU
		{4EBA869A-5E1F-4201-88B6-4C3E6027BEFA}.Debug|Any CPU.ActiveCfg = Debug|Any CPU
		{4EBA869A-5E1F-4201-88B6-4C3E6027BEFA}.Debug|Any CPU.Build.0 = Debug|Any CPU
		{4EBA869A-5E1F-4201-88B6-4C3E6027BEFA}.Release|Any CPU.ActiveCfg = Release|Any CPU
		{4EBA869A-5E1F-4201-88B6-4C3E6027BEFA}.Release|Any CPU.Build.0 = Release|Any CPU
		{C036AABD-A875-47D5-8791-8D8B1DEB2C6D}.Debug|Any CPU.ActiveCfg = Debug|Any CPU
		{C036AABD-A875-47D5-8791-8D8B1DEB2C6D}.Debug|Any CPU.Build.0 = Debug|Any CPU
		{C036AABD-A875-47D5-8791-8D8B1DEB2C6D}.Release|Any CPU.ActiveCfg = Release|Any CPU
		{C036AABD-A875-47D5-8791-8D8B1DEB2C6D}.Release|Any CPU.Build.0 = Release|Any CPU
		{6C4A56D4-F9DF-40A9-9D14-9F30DE9A6BB9}.Debug|Any CPU.ActiveCfg = Debug|Any CPU
		{6C4A56D4-F9DF-40A9-9D14-9F30DE9A6BB9}.Debug|Any CPU.Build.0 = Debug|Any CPU
		{6C4A56D4-F9DF-40A9-9D14-9F30DE9A6BB9}.Release|Any CPU.ActiveCfg = Release|Any CPU
		{6C4A56D4-F9DF-40A9-9D14-9F30DE9A6BB9}.Release|Any CPU.Build.0 = Release|Any CPU
		{AF768AF8-1DCB-4832-91AE-CAF328F37392}.Debug|Any CPU.ActiveCfg = Debug|Any CPU
		{AF768AF8-1DCB-4832-91AE-CAF328F37392}.Debug|Any CPU.Build.0 = Debug|Any CPU
		{AF768AF8-1DCB-4832-91AE-CAF328F37392}.Release|Any CPU.ActiveCfg = Release|Any CPU
		{AF768AF8-1DCB-4832-91AE-CAF328F37392}.Release|Any CPU.Build.0 = Release|Any CPU
		{0B6513AC-9730-47F9-8CB3-5C3CB9B354F8}.Debug|Any CPU.ActiveCfg = Debug|Any CPU
		{0B6513AC-9730-47F9-8CB3-5C3CB9B354F8}.Debug|Any CPU.Build.0 = Debug|Any CPU
		{0B6513AC-9730-47F9-8CB3-5C3CB9B354F8}.Release|Any CPU.ActiveCfg = Release|Any CPU
		{0B6513AC-9730-47F9-8CB3-5C3CB9B354F8}.Release|Any CPU.Build.0 = Release|Any CPU
		{97D290DE-31FD-4931-8925-A8162F6BCA5F}.Debug|Any CPU.ActiveCfg = Debug|Any CPU
		{97D290DE-31FD-4931-8925-A8162F6BCA5F}.Debug|Any CPU.Build.0 = Debug|Any CPU
		{97D290DE-31FD-4931-8925-A8162F6BCA5F}.Release|Any CPU.ActiveCfg = Release|Any CPU
		{97D290DE-31FD-4931-8925-A8162F6BCA5F}.Release|Any CPU.Build.0 = Release|Any CPU
		{F7639E18-1FD9-4831-8708-D0C08178EA9E}.Debug|Any CPU.ActiveCfg = Debug|Any CPU
		{F7639E18-1FD9-4831-8708-D0C08178EA9E}.Debug|Any CPU.Build.0 = Debug|Any CPU
		{F7639E18-1FD9-4831-8708-D0C08178EA9E}.Release|Any CPU.ActiveCfg = Release|Any CPU
		{F7639E18-1FD9-4831-8708-D0C08178EA9E}.Release|Any CPU.Build.0 = Release|Any CPU
		{720F2DA5-966F-4860-BD2A-86B9DF71CDB5}.Debug|Any CPU.ActiveCfg = Debug|Any CPU
		{720F2DA5-966F-4860-BD2A-86B9DF71CDB5}.Debug|Any CPU.Build.0 = Debug|Any CPU
		{720F2DA5-966F-4860-BD2A-86B9DF71CDB5}.Release|Any CPU.ActiveCfg = Release|Any CPU
		{720F2DA5-966F-4860-BD2A-86B9DF71CDB5}.Release|Any CPU.Build.0 = Release|Any CPU
		{33906FD9-73B8-4C53-90C1-E3EBA1BE6C50}.Debug|Any CPU.ActiveCfg = Debug|Any CPU
		{33906FD9-73B8-4C53-90C1-E3EBA1BE6C50}.Debug|Any CPU.Build.0 = Debug|Any CPU
		{33906FD9-73B8-4C53-90C1-E3EBA1BE6C50}.Release|Any CPU.ActiveCfg = Release|Any CPU
		{33906FD9-73B8-4C53-90C1-E3EBA1BE6C50}.Release|Any CPU.Build.0 = Release|Any CPU
		{1458AC94-4BB7-478B-BE10-2AF8FAC7C903}.Debug|Any CPU.ActiveCfg = Debug|Any CPU
		{1458AC94-4BB7-478B-BE10-2AF8FAC7C903}.Debug|Any CPU.Build.0 = Debug|Any CPU
		{1458AC94-4BB7-478B-BE10-2AF8FAC7C903}.Release|Any CPU.ActiveCfg = Release|Any CPU
		{1458AC94-4BB7-478B-BE10-2AF8FAC7C903}.Release|Any CPU.Build.0 = Release|Any CPU
		{A687BC94-8C4D-432E-813C-CC6EEA33C255}.Debug|Any CPU.ActiveCfg = Debug|Any CPU
		{A687BC94-8C4D-432E-813C-CC6EEA33C255}.Debug|Any CPU.Build.0 = Debug|Any CPU
		{A687BC94-8C4D-432E-813C-CC6EEA33C255}.Release|Any CPU.ActiveCfg = Release|Any CPU
		{A687BC94-8C4D-432E-813C-CC6EEA33C255}.Release|Any CPU.Build.0 = Release|Any CPU
		{C53843E2-9E47-4C8A-A2D0-3783626743AF}.Debug|Any CPU.ActiveCfg = Debug|Any CPU
		{C53843E2-9E47-4C8A-A2D0-3783626743AF}.Debug|Any CPU.Build.0 = Debug|Any CPU
		{C53843E2-9E47-4C8A-A2D0-3783626743AF}.Release|Any CPU.ActiveCfg = Release|Any CPU
		{C53843E2-9E47-4C8A-A2D0-3783626743AF}.Release|Any CPU.Build.0 = Release|Any CPU
		{822014FD-166A-4E54-BFDA-345040866065}.Debug|Any CPU.ActiveCfg = Debug|Any CPU
		{822014FD-166A-4E54-BFDA-345040866065}.Debug|Any CPU.Build.0 = Debug|Any CPU
		{822014FD-166A-4E54-BFDA-345040866065}.Release|Any CPU.ActiveCfg = Release|Any CPU
		{822014FD-166A-4E54-BFDA-345040866065}.Release|Any CPU.Build.0 = Release|Any CPU
		{E20865EC-3B7F-40B0-B917-EC2518D367FA}.Debug|Any CPU.ActiveCfg = Debug|Any CPU
		{E20865EC-3B7F-40B0-B917-EC2518D367FA}.Debug|Any CPU.Build.0 = Debug|Any CPU
		{E20865EC-3B7F-40B0-B917-EC2518D367FA}.Release|Any CPU.ActiveCfg = Release|Any CPU
		{E20865EC-3B7F-40B0-B917-EC2518D367FA}.Release|Any CPU.Build.0 = Release|Any CPU
		{51148DF7-DE4B-4C68-B506-F3C7F902CE2B}.Debug|Any CPU.ActiveCfg = Debug|Any CPU
		{51148DF7-DE4B-4C68-B506-F3C7F902CE2B}.Debug|Any CPU.Build.0 = Debug|Any CPU
		{51148DF7-DE4B-4C68-B506-F3C7F902CE2B}.Release|Any CPU.ActiveCfg = Release|Any CPU
		{51148DF7-DE4B-4C68-B506-F3C7F902CE2B}.Release|Any CPU.Build.0 = Release|Any CPU
		{824677FC-0CB8-4398-94FA-D9F5B75CB0B6}.Debug|Any CPU.ActiveCfg = Debug|Any CPU
		{824677FC-0CB8-4398-94FA-D9F5B75CB0B6}.Debug|Any CPU.Build.0 = Debug|Any CPU
		{824677FC-0CB8-4398-94FA-D9F5B75CB0B6}.Release|Any CPU.ActiveCfg = Release|Any CPU
		{824677FC-0CB8-4398-94FA-D9F5B75CB0B6}.Release|Any CPU.Build.0 = Release|Any CPU
		{06E2914D-9586-44DD-B050-11D2679DCA85}.Debug|Any CPU.ActiveCfg = Debug|Any CPU
		{06E2914D-9586-44DD-B050-11D2679DCA85}.Debug|Any CPU.Build.0 = Debug|Any CPU
		{06E2914D-9586-44DD-B050-11D2679DCA85}.Release|Any CPU.ActiveCfg = Release|Any CPU
		{06E2914D-9586-44DD-B050-11D2679DCA85}.Release|Any CPU.Build.0 = Release|Any CPU
		{68A4C42F-BCF4-488E-BAD7-EE36F978D134}.Debug|Any CPU.ActiveCfg = Debug|Any CPU
		{68A4C42F-BCF4-488E-BAD7-EE36F978D134}.Debug|Any CPU.Build.0 = Debug|Any CPU
		{68A4C42F-BCF4-488E-BAD7-EE36F978D134}.Release|Any CPU.ActiveCfg = Release|Any CPU
		{68A4C42F-BCF4-488E-BAD7-EE36F978D134}.Release|Any CPU.Build.0 = Release|Any CPU
	EndGlobalSection
	GlobalSection(SolutionProperties) = preSolution
		HideSolutionNode = FALSE
	EndGlobalSection
	GlobalSection(NestedProjects) = preSolution
		{D866C99C-33BC-4FA1-96A6-CDC363CA6B60} = {ABF1C711-D775-48C8-8182-F30B2A0AB4DC}
		{3B749773-2C39-4723-B7CB-8D26D359FE3E} = {ABF1C711-D775-48C8-8182-F30B2A0AB4DC}
		{65318480-70FC-435A-AD6E-9AD018D6C64D} = {ABF1C711-D775-48C8-8182-F30B2A0AB4DC}
		{FC120133-E6A1-43B2-B6BE-A1C8D62DF5BA} = {ABF1C711-D775-48C8-8182-F30B2A0AB4DC}
		{6F633314-123E-40A4-8310-F4844E760D4E} = {ABF1C711-D775-48C8-8182-F30B2A0AB4DC}
		{D3D4CA14-1292-4960-B9B7-B1F1270B0822} = {ABF1C711-D775-48C8-8182-F30B2A0AB4DC}
		{57F8B77D-D1E7-435F-9341-AB834F75305E} = {ABF1C711-D775-48C8-8182-F30B2A0AB4DC}
		{4EBA869A-5E1F-4201-88B6-4C3E6027BEFA} = {ABF1C711-D775-48C8-8182-F30B2A0AB4DC}
		{C036AABD-A875-47D5-8791-8D8B1DEB2C6D} = {ABF1C711-D775-48C8-8182-F30B2A0AB4DC}
		{6C4A56D4-F9DF-40A9-9D14-9F30DE9A6BB9} = {ABF1C711-D775-48C8-8182-F30B2A0AB4DC}
		{AF768AF8-1DCB-4832-91AE-CAF328F37392} = {ABF1C711-D775-48C8-8182-F30B2A0AB4DC}
		{0B6513AC-9730-47F9-8CB3-5C3CB9B354F8} = {ABF1C711-D775-48C8-8182-F30B2A0AB4DC}
		{97D290DE-31FD-4931-8925-A8162F6BCA5F} = {ABF1C711-D775-48C8-8182-F30B2A0AB4DC}
		{F7639E18-1FD9-4831-8708-D0C08178EA9E} = {ABF1C711-D775-48C8-8182-F30B2A0AB4DC}
		{720F2DA5-966F-4860-BD2A-86B9DF71CDB5} = {ABF1C711-D775-48C8-8182-F30B2A0AB4DC}
		{33906FD9-73B8-4C53-90C1-E3EBA1BE6C50} = {ABF1C711-D775-48C8-8182-F30B2A0AB4DC}
		{1458AC94-4BB7-478B-BE10-2AF8FAC7C903} = {ABF1C711-D775-48C8-8182-F30B2A0AB4DC}
		{A687BC94-8C4D-432E-813C-CC6EEA33C255} = {ABF1C711-D775-48C8-8182-F30B2A0AB4DC}
		{C53843E2-9E47-4C8A-A2D0-3783626743AF} = {ABF1C711-D775-48C8-8182-F30B2A0AB4DC}
		{822014FD-166A-4E54-BFDA-345040866065} = {ABF1C711-D775-48C8-8182-F30B2A0AB4DC}
		{E20865EC-3B7F-40B0-B917-EC2518D367FA} = {ABF1C711-D775-48C8-8182-F30B2A0AB4DC}
		{51148DF7-DE4B-4C68-B506-F3C7F902CE2B} = {ABF1C711-D775-48C8-8182-F30B2A0AB4DC}
		{824677FC-0CB8-4398-94FA-D9F5B75CB0B6} = {ABF1C711-D775-48C8-8182-F30B2A0AB4DC}
		{06E2914D-9586-44DD-B050-11D2679DCA85} = {ABF1C711-D775-48C8-8182-F30B2A0AB4DC}
		{68A4C42F-BCF4-488E-BAD7-EE36F978D134} = {ABF1C711-D775-48C8-8182-F30B2A0AB4DC}
	EndGlobalSection
	GlobalSection(ExtensibilityGlobals) = postSolution
		SolutionGuid = {AB361F5D-A586-489F-BE2A-9BA764BA63B1}
	EndGlobalSection
EndGlobal
